
Microsoft Visual Studio Solution File, Format Version 12.00
# Visual Studio Version 16
VisualStudioVersion = 16.0.29709.97
MinimumVisualStudioVersion = 10.0.40219.1
Project("{FAE04EC0-301F-11D3-BF4B-00C04F79EFBC}") = "Ammunition", "Ammunition.csproj", "{4CA26303-7D7E-486B-932A-67BB54E27E7E}"
EndProject
Global
	GlobalSection(SolutionConfigurationPlatforms) = preSolution
		Debug|Any CPU = Debug|Any CPU
		Release|Any CPU = Release|Any CPU
	EndGlobalSection
	GlobalSection(ProjectConfigurationPlatforms) = postSolution
		{4CA26303-7D7E-486B-932A-67BB54E27E7E}.Debug|Any CPU.ActiveCfg = Debug|Any CPU
		{4CA26303-7D7E-486B-932A-67BB54E27E7E}.Debug|Any CPU.Build.0 = Debug|Any CPU
		{4CA26303-7D7E-486B-932A-67BB54E27E7E}.Release|Any CPU.ActiveCfg = Release|Any CPU
		{4CA26303-7D7E-486B-932A-67BB54E27E7E}.Release|Any CPU.Build.0 = Release|Any CPU
	EndGlobalSection
	GlobalSection(SolutionProperties) = preSolution
		HideSolutionNode = FALSE
	EndGlobalSection
	GlobalSection(ExtensibilityGlobals) = postSolution
		SolutionGuid = {04C8DE2C-B552-4E02-A9E6-ED5CAE44B319}
	EndGlobalSection
EndGlobal
